
Microsoft Visual Studio Solution File, Format Version 12.00
# Visual Studio Version 16
VisualStudioVersion = 16.0.30104.148
MinimumVisualStudioVersion = 10.0.40219.1
Project("{FAE04EC0-301F-11D3-BF4B-00C04F79EFBC}") = "DynamicDnsRoute53", "DynamicDnsRoute53\DynamicDnsRoute53.csproj", "{DAB21A5D-6082-45E6-ACE3-150963ADB01D}"
EndProject
Global
	GlobalSection(SolutionConfigurationPlatforms) = preSolution
		Debug|Any CPU = Debug|Any CPU
		Release|Any CPU = Release|Any CPU
	EndGlobalSection
	GlobalSection(ProjectConfigurationPlatforms) = postSolution
		{DAB21A5D-6082-45E6-ACE3-150963ADB01D}.Debug|Any CPU.ActiveCfg = Debug|Any CPU
		{DAB21A5D-6082-45E6-ACE3-150963ADB01D}.Debug|Any CPU.Build.0 = Debug|Any CPU
		{DAB21A5D-6082-45E6-ACE3-150963ADB01D}.Release|Any CPU.ActiveCfg = Release|Any CPU
		{DAB21A5D-6082-45E6-ACE3-150963ADB01D}.Release|Any CPU.Build.0 = Release|Any CPU
	EndGlobalSection
	GlobalSection(SolutionProperties) = preSolution
		HideSolutionNode = FALSE
	EndGlobalSection
	GlobalSection(ExtensibilityGlobals) = postSolution
		SolutionGuid = {5CDDB45D-BE2F-4B5C-8BD9-C280D82999A3}
	EndGlobalSection
EndGlobal
